{
  "name": "mercator-convertor",
  "version": "1.0.0",
  "lockfileVersion": 1,
  "requires": true,
  "dependencies": {
    "@esri/proj-codes": {
      "version": "2.7.0",
      "resolved": "https://registry.npmjs.org/@esri/proj-codes/-/proj-codes-2.7.0.tgz",
      "integrity": "sha512-QgAcLXuWuBwXXbARKmcvxiUZr6SuY28uYSMHyvrEZIeXwObMHKTChiwco2MvcRuXSb8O6RdJlnwX+j7pukaYxg=="
    },
    "mgrs": {
      "version": "1.0.0",
      "resolved": "https://registry.npmjs.org/mgrs/-/mgrs-1.0.0.tgz",
      "integrity": "sha1-+5FYjnjJACVnI5XLQLJffNatGCk="
    },
    "proj4": {
      "version": "2.7.0",
      "resolved": "https://registry.npmjs.org/proj4/-/proj4-2.7.0.tgz",
      "integrity": "sha512-UVhulf8m70/dREOBrJagWq8cDYUgjQUWILRqys/gqo/+ZLeNB/04zbtPhJbz8+cCPzZNQMychfBaWUCP60U9mQ==",
      "requires": {
        "mgrs": "1.0.0",
        "wkt-parser": "^1.2.4"
      }
    },
    "wkt-parser": {
      "version": "1.2.4",
      "resolved": "https://registry.npmjs.org/wkt-parser/-/wkt-parser-1.2.4.tgz",
      "integrity": "sha512-ZzKnc7ml/91fOPh5bANBL4vUlWPIYYv11waCtWTkl2TRN+LEmBg60Q1MA8gqV4hEp4MGfSj9JiHz91zw/gTDXg=="
    }
  }
}
